// !$*UTF8*$!
{
	archiveVersion = 1;
	classes = {
	};
	objectVersion = 50;
	objects = {

/* Begin PBXBuildFile section */
		2D7A84F42291C42A00D6EF8B /* NetworkManager.swift in Sources */ = {isa = PBXBuildFile; fileRef = 2D7A84F32291C42A00D6EF8B /* NetworkManager.swift */; };
		2D7A84F52291C42A00D6EF8B /* NetworkManager.swift in Sources */ = {isa = PBXBuildFile; fileRef = 2D7A84F32291C42A00D6EF8B /* NetworkManager.swift */; };
		2D7A84F62291C42A00D6EF8B /* NetworkManager.swift in Sources */ = {isa = PBXBuildFile; fileRef = 2D7A84F32291C42A00D6EF8B /* NetworkManager.swift */; };
		2D7F48182291FCA60014ECC1 /* BookResults.swift in Sources */ = {isa = PBXBuildFile; fileRef = 2D7F48172291FCA60014ECC1 /* BookResults.swift */; };
		2D7F48192291FCA60014ECC1 /* BookResults.swift in Sources */ = {isa = PBXBuildFile; fileRef = 2D7F48172291FCA60014ECC1 /* BookResults.swift */; };
		2D7F481A2291FCA60014ECC1 /* BookResults.swift in Sources */ = {isa = PBXBuildFile; fileRef = 2D7F48172291FCA60014ECC1 /* BookResults.swift */; };
		2D7F48202291FD100014ECC1 /* Book.swift in Sources */ = {isa = PBXBuildFile; fileRef = 2D7F481F2291FD100014ECC1 /* Book.swift */; };
		2D7F48212291FD100014ECC1 /* Book.swift in Sources */ = {isa = PBXBuildFile; fileRef = 2D7F481F2291FD100014ECC1 /* Book.swift */; };
		2D7F48222291FD100014ECC1 /* Book.swift in Sources */ = {isa = PBXBuildFile; fileRef = 2D7F481F2291FD100014ECC1 /* Book.swift */; };
		2D7F4824229223FB0014ECC1 /* DataManager.swift in Sources */ = {isa = PBXBuildFile; fileRef = 2D7F4823229223FB0014ECC1 /* DataManager.swift */; };
		2D7F4825229223FB0014ECC1 /* DataManager.swift in Sources */ = {isa = PBXBuildFile; fileRef = 2D7F4823229223FB0014ECC1 /* DataManager.swift */; };
		2D7F4826229223FB0014ECC1 /* DataManager.swift in Sources */ = {isa = PBXBuildFile; fileRef = 2D7F4823229223FB0014ECC1 /* DataManager.swift */; };
		2DEBBC562291BFEB00E315EA /* AppDelegate.swift in Sources */ = {isa = PBXBuildFile; fileRef = 2DEBBC552291BFEB00E315EA /* AppDelegate.swift */; };
		2DEBBC582291BFEB00E315EA /* ViewController.swift in Sources */ = {isa = PBXBuildFile; fileRef = 2DEBBC572291BFEB00E315EA /* ViewController.swift */; };
		2DEBBC5B2291BFEB00E315EA /* Main.storyboard in Resources */ = {isa = PBXBuildFile; fileRef = 2DEBBC592291BFEB00E315EA /* Main.storyboard */; };
		2DEBBC5E2291BFEB00E315EA /* FlippFlopp.xcdatamodeld in Sources */ = {isa = PBXBuildFile; fileRef = 2DEBBC5C2291BFEB00E315EA /* FlippFlopp.xcdatamodeld */; };
		2DEBBC602291BFEC00E315EA /* Assets.xcassets in Resources */ = {isa = PBXBuildFile; fileRef = 2DEBBC5F2291BFEC00E315EA /* Assets.xcassets */; };
		2DEBBC632291BFEC00E315EA /* LaunchScreen.storyboard in Resources */ = {isa = PBXBuildFile; fileRef = 2DEBBC612291BFEC00E315EA /* LaunchScreen.storyboard */; };
		2DEBBC6E2291BFEC00E315EA /* FlippFloppTests.swift in Sources */ = {isa = PBXBuildFile; fileRef = 2DEBBC6D2291BFEC00E315EA /* FlippFloppTests.swift */; };
		2DEBBC792291BFEC00E315EA /* FlippFloppUITests.swift in Sources */ = {isa = PBXBuildFile; fileRef = 2DEBBC782291BFEC00E315EA /* FlippFloppUITests.swift */; };
		9F8846E2F69BB9B3E820BC34 /* Pods_FlippFloppTests.framework in Frameworks */ = {isa = PBXBuildFile; fileRef = F91A990A1428510EA9591E12 /* Pods_FlippFloppTests.framework */; };
		C4E187E137E39B2C1CD04D33 /* Pods_FlippFloppUITests.framework in Frameworks */ = {isa = PBXBuildFile; fileRef = CB20B1D17814D6BA539A12D0 /* Pods_FlippFloppUITests.framework */; };
		FEEF7CB2CA947F9D4D7419AE /* Pods_FlippFlopp.framework in Frameworks */ = {isa = PBXBuildFile; fileRef = E0638BB62E90EE157B814745 /* Pods_FlippFlopp.framework */; };
/* End PBXBuildFile section */

/* Begin PBXContainerItemProxy section */
		2DEBBC6A2291BFEC00E315EA /* PBXContainerItemProxy */ = {
			isa = PBXContainerItemProxy;
			containerPortal = 2DEBBC4A2291BFEB00E315EA /* Project object */;
			proxyType = 1;
			remoteGlobalIDString = 2DEBBC512291BFEB00E315EA;
			remoteInfo = FlippFlopp;
		};
		2DEBBC752291BFEC00E315EA /* PBXContainerItemProxy */ = {
			isa = PBXContainerItemProxy;
			containerPortal = 2DEBBC4A2291BFEB00E315EA /* Project object */;
			proxyType = 1;
			remoteGlobalIDString = 2DEBBC512291BFEB00E315EA;
			remoteInfo = FlippFlopp;
		};
/* End PBXContainerItemProxy section */

/* Begin PBXFileReference section */
		1558E3BA854B86EC2C537250 /* Pods-FlippFloppUITests.debug.xcconfig */ = {isa = PBXFileReference; includeInIndex = 1; lastKnownFileType = text.xcconfig; name = "Pods-FlippFloppUITests.debug.xcconfig"; path = "Pods/Target Support Files/Pods-FlippFloppUITests/Pods-FlippFloppUITests.debug.xcconfig"; sourceTree = "<group>"; };
		2D7A84F32291C42A00D6EF8B /* NetworkManager.swift */ = {isa = PBXFileReference; lastKnownFileType = sourcecode.swift; path = NetworkManager.swift; sourceTree = "<group>"; };
		2D7F48172291FCA60014ECC1 /* BookResults.swift */ = {isa = PBXFileReference; lastKnownFileType = sourcecode.swift; path = BookResults.swift; sourceTree = "<group>"; };
		2D7F481F2291FD100014ECC1 /* Book.swift */ = {isa = PBXFileReference; lastKnownFileType = sourcecode.swift; path = Book.swift; sourceTree = "<group>"; };
		2D7F4823229223FB0014ECC1 /* DataManager.swift */ = {isa = PBXFileReference; lastKnownFileType = sourcecode.swift; path = DataManager.swift; sourceTree = "<group>"; };
		2DEBBC522291BFEB00E315EA /* FlippFlopp.app */ = {isa = PBXFileReference; explicitFileType = wrapper.application; includeInIndex = 0; path = FlippFlopp.app; sourceTree = BUILT_PRODUCTS_DIR; };
		2DEBBC552291BFEB00E315EA /* AppDelegate.swift */ = {isa = PBXFileReference; lastKnownFileType = sourcecode.swift; path = AppDelegate.swift; sourceTree = "<group>"; };
		2DEBBC572291BFEB00E315EA /* ViewController.swift */ = {isa = PBXFileReference; lastKnownFileType = sourcecode.swift; path = ViewController.swift; sourceTree = "<group>"; };
		2DEBBC5A2291BFEB00E315EA /* Base */ = {isa = PBXFileReference; lastKnownFileType = file.storyboard; name = Base; path = Base.lproj/Main.storyboard; sourceTree = "<group>"; };
		2DEBBC5D2291BFEB00E315EA /* FlippFlopp.xcdatamodel */ = {isa = PBXFileReference; lastKnownFileType = wrapper.xcdatamodel; path = FlippFlopp.xcdatamodel; sourceTree = "<group>"; };
		2DEBBC5F2291BFEC00E315EA /* Assets.xcassets */ = {isa = PBXFileReference; lastKnownFileType = folder.assetcatalog; path = Assets.xcassets; sourceTree = "<group>"; };
		2DEBBC622291BFEC00E315EA /* Base */ = {isa = PBXFileReference; lastKnownFileType = file.storyboard; name = Base; path = Base.lproj/LaunchScreen.storyboard; sourceTree = "<group>"; };
		2DEBBC642291BFEC00E315EA /* Info.plist */ = {isa = PBXFileReference; lastKnownFileType = text.plist.xml; path = Info.plist; sourceTree = "<group>"; };
		2DEBBC692291BFEC00E315EA /* FlippFloppTests.xctest */ = {isa = PBXFileReference; explicitFileType = wrapper.cfbundle; includeInIndex = 0; path = FlippFloppTests.xctest; sourceTree = BUILT_PRODUCTS_DIR; };
		2DEBBC6D2291BFEC00E315EA /* FlippFloppTests.swift */ = {isa = PBXFileReference; lastKnownFileType = sourcecode.swift; path = FlippFloppTests.swift; sourceTree = "<group>"; };
		2DEBBC6F2291BFEC00E315EA /* Info.plist */ = {isa = PBXFileReference; lastKnownFileType = text.plist.xml; path = Info.plist; sourceTree = "<group>"; };
		2DEBBC742291BFEC00E315EA /* FlippFloppUITests.xctest */ = {isa = PBXFileReference; explicitFileType = wrapper.cfbundle; includeInIndex = 0; path = FlippFloppUITests.xctest; sourceTree = BUILT_PRODUCTS_DIR; };
		2DEBBC782291BFEC00E315EA /* FlippFloppUITests.swift */ = {isa = PBXFileReference; lastKnownFileType = sourcecode.swift; path = FlippFloppUITests.swift; sourceTree = "<group>"; };
		2DEBBC7A2291BFEC00E315EA /* Info.plist */ = {isa = PBXFileReference; lastKnownFileType = text.plist.xml; path = Info.plist; sourceTree = "<group>"; };
		6A35223F76297DF9D293615F /* Pods-FlippFloppUITests.release.xcconfig */ = {isa = PBXFileReference; includeInIndex = 1; lastKnownFileType = text.xcconfig; name = "Pods-FlippFloppUITests.release.xcconfig"; path = "Pods/Target Support Files/Pods-FlippFloppUITests/Pods-FlippFloppUITests.release.xcconfig"; sourceTree = "<group>"; };
		6EDF590B35692F52D16D2BFE /* Pods-FlippFlopp.debug.xcconfig */ = {isa = PBXFileReference; includeInIndex = 1; lastKnownFileType = text.xcconfig; name = "Pods-FlippFlopp.debug.xcconfig"; path = "Pods/Target Support Files/Pods-FlippFlopp/Pods-FlippFlopp.debug.xcconfig"; sourceTree = "<group>"; };
		7DD1EB2F556288C1C15C2FA1 /* Pods-FlippFloppTests.debug.xcconfig */ = {isa = PBXFileReference; includeInIndex = 1; lastKnownFileType = text.xcconfig; name = "Pods-FlippFloppTests.debug.xcconfig"; path = "Pods/Target Support Files/Pods-FlippFloppTests/Pods-FlippFloppTests.debug.xcconfig"; sourceTree = "<group>"; };
		C66421E1488E095607A5BB05 /* Pods-FlippFlopp.release.xcconfig */ = {isa = PBXFileReference; includeInIndex = 1; lastKnownFileType = text.xcconfig; name = "Pods-FlippFlopp.release.xcconfig"; path = "Pods/Target Support Files/Pods-FlippFlopp/Pods-FlippFlopp.release.xcconfig"; sourceTree = "<group>"; };
		CB056BF26C003FB455A98CAA /* Pods-FlippFloppTests.release.xcconfig */ = {isa = PBXFileReference; includeInIndex = 1; lastKnownFileType = text.xcconfig; name = "Pods-FlippFloppTests.release.xcconfig"; path = "Pods/Target Support Files/Pods-FlippFloppTests/Pods-FlippFloppTests.release.xcconfig"; sourceTree = "<group>"; };
		CB20B1D17814D6BA539A12D0 /* Pods_FlippFloppUITests.framework */ = {isa = PBXFileReference; explicitFileType = wrapper.framework; includeInIndex = 0; path = Pods_FlippFloppUITests.framework; sourceTree = BUILT_PRODUCTS_DIR; };
		E0638BB62E90EE157B814745 /* Pods_FlippFlopp.framework */ = {isa = PBXFileReference; explicitFileType = wrapper.framework; includeInIndex = 0; path = Pods_FlippFlopp.framework; sourceTree = BUILT_PRODUCTS_DIR; };
		F91A990A1428510EA9591E12 /* Pods_FlippFloppTests.framework */ = {isa = PBXFileReference; explicitFileType = wrapper.framework; includeInIndex = 0; path = Pods_FlippFloppTests.framework; sourceTree = BUILT_PRODUCTS_DIR; };
/* End PBXFileReference section */

/* Begin PBXFrameworksBuildPhase section */
		2DEBBC4F2291BFEB00E315EA /* Frameworks */ = {
			isa = PBXFrameworksBuildPhase;
			buildActionMask = 2147483647;
			files = (
				FEEF7CB2CA947F9D4D7419AE /* Pods_FlippFlopp.framework in Frameworks */,
			);
			runOnlyForDeploymentPostprocessing = 0;
		};
		2DEBBC662291BFEC00E315EA /* Frameworks */ = {
			isa = PBXFrameworksBuildPhase;
			buildActionMask = 2147483647;
			files = (
				9F8846E2F69BB9B3E820BC34 /* Pods_FlippFloppTests.framework in Frameworks */,
			);
			runOnlyForDeploymentPostprocessing = 0;
		};
		2DEBBC712291BFEC00E315EA /* Frameworks */ = {
			isa = PBXFrameworksBuildPhase;
			buildActionMask = 2147483647;
			files = (
				C4E187E137E39B2C1CD04D33 /* Pods_FlippFloppUITests.framework in Frameworks */,
			);
			runOnlyForDeploymentPostprocessing = 0;
		};
/* End PBXFrameworksBuildPhase section */

/* Begin PBXGroup section */
		2D7A84F22291C40B00D6EF8B /* Managers */ = {
			isa = PBXGroup;
			children = (
				2D7A84F32291C42A00D6EF8B /* NetworkManager.swift */,
				2D7F4823229223FB0014ECC1 /* DataManager.swift */,
			);
			path = Managers;
			sourceTree = "<group>";
		};
		2D7F48162291FC0B0014ECC1 /* Models */ = {
			isa = PBXGroup;
			children = (
				2D7F48172291FCA60014ECC1 /* BookResults.swift */,
				2D7F481F2291FD100014ECC1 /* Book.swift */,
			);
			path = Models;
			sourceTree = "<group>";
		};
		2DEBBC492291BFEB00E315EA = {
			isa = PBXGroup;
			children = (
				2DEBBC542291BFEB00E315EA /* FlippFlopp */,
				2DEBBC6C2291BFEC00E315EA /* FlippFloppTests */,
				2DEBBC772291BFEC00E315EA /* FlippFloppUITests */,
				2DEBBC532291BFEB00E315EA /* Products */,
				78EFBBC092DB4848F0CB8AF4 /* Pods */,
				B48C313A325A61C61C370DEA /* Frameworks */,
			);
			sourceTree = "<group>";
		};
		2DEBBC532291BFEB00E315EA /* Products */ = {
			isa = PBXGroup;
			children = (
				2DEBBC522291BFEB00E315EA /* FlippFlopp.app */,
				2DEBBC692291BFEC00E315EA /* FlippFloppTests.xctest */,
				2DEBBC742291BFEC00E315EA /* FlippFloppUITests.xctest */,
			);
			name = Products;
			sourceTree = "<group>";
		};
		2DEBBC542291BFEB00E315EA /* FlippFlopp */ = {
			isa = PBXGroup;
			children = (
				2DEBBC552291BFEB00E315EA /* AppDelegate.swift */,
				2DEBBC572291BFEB00E315EA /* ViewController.swift */,
				2DEBBC592291BFEB00E315EA /* Main.storyboard */,
				2D7A84F22291C40B00D6EF8B /* Managers */,
				2D7F48162291FC0B0014ECC1 /* Models */,
				2DEBBC5F2291BFEC00E315EA /* Assets.xcassets */,
				2DEBBC612291BFEC00E315EA /* LaunchScreen.storyboard */,
				2DEBBC642291BFEC00E315EA /* Info.plist */,
				2DEBBC5C2291BFEB00E315EA /* FlippFlopp.xcdatamodeld */,
			);
			path = FlippFlopp;
			sourceTree = "<group>";
		};
		2DEBBC6C2291BFEC00E315EA /* FlippFloppTests */ = {
			isa = PBXGroup;
			children = (
				2DEBBC6D2291BFEC00E315EA /* FlippFloppTests.swift */,
				2DEBBC6F2291BFEC00E315EA /* Info.plist */,
			);
			path = FlippFloppTests;
			sourceTree = "<group>";
		};
		2DEBBC772291BFEC00E315EA /* FlippFloppUITests */ = {
			isa = PBXGroup;
			children = (
				2DEBBC782291BFEC00E315EA /* FlippFloppUITests.swift */,
				2DEBBC7A2291BFEC00E315EA /* Info.plist */,
			);
			path = FlippFloppUITests;
			sourceTree = "<group>";
		};
		78EFBBC092DB4848F0CB8AF4 /* Pods */ = {
			isa = PBXGroup;
			children = (
				6EDF590B35692F52D16D2BFE /* Pods-FlippFlopp.debug.xcconfig */,
				C66421E1488E095607A5BB05 /* Pods-FlippFlopp.release.xcconfig */,
				7DD1EB2F556288C1C15C2FA1 /* Pods-FlippFloppTests.debug.xcconfig */,
				CB056BF26C003FB455A98CAA /* Pods-FlippFloppTests.release.xcconfig */,
				1558E3BA854B86EC2C537250 /* Pods-FlippFloppUITests.debug.xcconfig */,
				6A35223F76297DF9D293615F /* Pods-FlippFloppUITests.release.xcconfig */,
			);
			name = Pods;
			sourceTree = "<group>";
		};
		B48C313A325A61C61C370DEA /* Frameworks */ = {
			isa = PBXGroup;
			children = (
				E0638BB62E90EE157B814745 /* Pods_FlippFlopp.framework */,
				F91A990A1428510EA9591E12 /* Pods_FlippFloppTests.framework */,
				CB20B1D17814D6BA539A12D0 /* Pods_FlippFloppUITests.framework */,
			);
			name = Frameworks;
			sourceTree = "<group>";
		};
/* End PBXGroup section */

/* Begin PBXNativeTarget section */
		2DEBBC512291BFEB00E315EA /* FlippFlopp */ = {
			isa = PBXNativeTarget;
			buildConfigurationList = 2DEBBC7D2291BFEC00E315EA /* Build configuration list for PBXNativeTarget "FlippFlopp" */;
			buildPhases = (
				7073817E2B76AAE1896B2B83 /* [CP] Check Pods Manifest.lock */,
				2DEBBC4E2291BFEB00E315EA /* Sources */,
				2DEBBC4F2291BFEB00E315EA /* Frameworks */,
				2DEBBC502291BFEB00E315EA /* Resources */,
				D1702E1EC2E1CFC71BA5757E /* [CP] Embed Pods Frameworks */,
				A9D04047524A5DDF28C5F73B /* [CP] Copy Pods Resources */,
			);
			buildRules = (
			);
			dependencies = (
			);
			name = FlippFlopp;
			productName = FlippFlopp;
			productReference = 2DEBBC522291BFEB00E315EA /* FlippFlopp.app */;
			productType = "com.apple.product-type.application";
		};
		2DEBBC682291BFEC00E315EA /* FlippFloppTests */ = {
			isa = PBXNativeTarget;
			buildConfigurationList = 2DEBBC802291BFEC00E315EA /* Build configuration list for PBXNativeTarget "FlippFloppTests" */;
			buildPhases = (
				1573C2B62C923E808B8AA059 /* [CP] Check Pods Manifest.lock */,
				2DEBBC652291BFEC00E315EA /* Sources */,
				2DEBBC662291BFEC00E315EA /* Frameworks */,
				2DEBBC672291BFEC00E315EA /* Resources */,
				DD6133F572E76319758239F0 /* [CP] Embed Pods Frameworks */,
				D93F9EAFFB9FB33551008B9A /* [CP] Copy Pods Resources */,
			);
			buildRules = (
			);
			dependencies = (
				2DEBBC6B2291BFEC00E315EA /* PBXTargetDependency */,
			);
			name = FlippFloppTests;
			productName = FlippFloppTests;
			productReference = 2DEBBC692291BFEC00E315EA /* FlippFloppTests.xctest */;
			productType = "com.apple.product-type.bundle.unit-test";
		};
		2DEBBC732291BFEC00E315EA /* FlippFloppUITests */ = {
			isa = PBXNativeTarget;
			buildConfigurationList = 2DEBBC832291BFEC00E315EA /* Build configuration list for PBXNativeTarget "FlippFloppUITests" */;
			buildPhases = (
				5C5F26B9C320E817C5DBC68E /* [CP] Check Pods Manifest.lock */,
				2DEBBC702291BFEC00E315EA /* Sources */,
				2DEBBC712291BFEC00E315EA /* Frameworks */,
				2DEBBC722291BFEC00E315EA /* Resources */,
				03BAA67A57951FED05B64C1B /* [CP] Embed Pods Frameworks */,
				D69772EDF4F9AF16034BA68B /* [CP] Copy Pods Resources */,
			);
			buildRules = (
			);
			dependencies = (
				2DEBBC762291BFEC00E315EA /* PBXTargetDependency */,
			);
			name = FlippFloppUITests;
			productName = FlippFloppUITests;
			productReference = 2DEBBC742291BFEC00E315EA /* FlippFloppUITests.xctest */;
			productType = "com.apple.product-type.bundle.ui-testing";
		};
/* End PBXNativeTarget section */

/* Begin PBXProject section */
		2DEBBC4A2291BFEB00E315EA /* Project object */ = {
			isa = PBXProject;
			attributes = {
				LastSwiftUpdateCheck = 1020;
				LastUpgradeCheck = 1020;
				ORGANIZATIONNAME = Bala;
				TargetAttributes = {
					2DEBBC512291BFEB00E315EA = {
						CreatedOnToolsVersion = 10.2.1;
					};
					2DEBBC682291BFEC00E315EA = {
						CreatedOnToolsVersion = 10.2.1;
						TestTargetID = 2DEBBC512291BFEB00E315EA;
					};
					2DEBBC732291BFEC00E315EA = {
						CreatedOnToolsVersion = 10.2.1;
						TestTargetID = 2DEBBC512291BFEB00E315EA;
					};
				};
			};
			buildConfigurationList = 2DEBBC4D2291BFEB00E315EA /* Build configuration list for PBXProject "FlippFlopp" */;
			compatibilityVersion = "Xcode 9.3";
			developmentRegion = en;
			hasScannedForEncodings = 0;
			knownRegions = (
				en,
				Base,
			);
			mainGroup = 2DEBBC492291BFEB00E315EA;
			productRefGroup = 2DEBBC532291BFEB00E315EA /* Products */;
			projectDirPath = "";
			projectRoot = "";
			targets = (
				2DEBBC512291BFEB00E315EA /* FlippFlopp */,
				2DEBBC682291BFEC00E315EA /* FlippFloppTests */,
				2DEBBC732291BFEC00E315EA /* FlippFloppUITests */,
			);
		};
/* End PBXProject section */

/* Begin PBXResourcesBuildPhase section */
		2DEBBC502291BFEB00E315EA /* Resources */ = {
			isa = PBXResourcesBuildPhase;
			buildActionMask = 2147483647;
			files = (
				2DEBBC632291BFEC00E315EA /* LaunchScreen.storyboard in Resources */,
				2DEBBC602291BFEC00E315EA /* Assets.xcassets in Resources */,
				2DEBBC5B2291BFEB00E315EA /* Main.storyboard in Resources */,
			);
			runOnlyForDeploymentPostprocessing = 0;
		};
		2DEBBC672291BFEC00E315EA /* Resources */ = {
			isa = PBXResourcesBuildPhase;
			buildActionMask = 2147483647;
			files = (
			);
			runOnlyForDeploymentPostprocessing = 0;
		};
		2DEBBC722291BFEC00E315EA /* Resources */ = {
			isa = PBXResourcesBuildPhase;
			buildActionMask = 2147483647;
			files = (
			);
			runOnlyForDeploymentPostprocessing = 0;
		};
/* End PBXResourcesBuildPhase section */

/* Begin PBXShellScriptBuildPhase section */
		03BAA67A57951FED05B64C1B /* [CP] Embed Pods Frameworks */ = {
			isa = PBXShellScriptBuildPhase;
			buildActionMask = 2147483647;
			files = (
			);
			inputPaths = (
			);
			name = "[CP] Embed Pods Frameworks";
			outputPaths = (
			);
			runOnlyForDeploymentPostprocessing = 0;
			shellPath = /bin/sh;
			shellScript = "\"${SRCROOT}/Pods/Target Support Files/Pods-FlippFloppUITests/Pods-FlippFloppUITests-frameworks.sh\"\n";
			showEnvVarsInLog = 0;
		};
		1573C2B62C923E808B8AA059 /* [CP] Check Pods Manifest.lock */ = {
			isa = PBXShellScriptBuildPhase;
			buildActionMask = 2147483647;
			files = (
			);
			inputPaths = (
				"${PODS_PODFILE_DIR_PATH}/Podfile.lock",
				"${PODS_ROOT}/Manifest.lock",
			);
			name = "[CP] Check Pods Manifest.lock";
			outputPaths = (
				"$(DERIVED_FILE_DIR)/Pods-FlippFloppTests-checkManifestLockResult.txt",
			);
			runOnlyForDeploymentPostprocessing = 0;
			shellPath = /bin/sh;
			shellScript = "diff \"${PODS_PODFILE_DIR_PATH}/Podfile.lock\" \"${PODS_ROOT}/Manifest.lock\" > /dev/null\nif [ $? != 0 ] ; then\n    # print error to STDERR\n    echo \"error: The sandbox is not in sync with the Podfile.lock. Run 'pod install' or update your CocoaPods installation.\" >&2\n    exit 1\nfi\n# This output is used by Xcode 'outputs' to avoid re-running this script phase.\necho \"SUCCESS\" > \"${SCRIPT_OUTPUT_FILE_0}\"\n";
			showEnvVarsInLog = 0;
		};
		5C5F26B9C320E817C5DBC68E /* [CP] Check Pods Manifest.lock */ = {
			isa = PBXShellScriptBuildPhase;
			buildActionMask = 2147483647;
			files = (
			);
			inputPaths = (
				"${PODS_PODFILE_DIR_PATH}/Podfile.lock",
				"${PODS_ROOT}/Manifest.lock",
			);
			name = "[CP] Check Pods Manifest.lock";
			outputPaths = (
				"$(DERIVED_FILE_DIR)/Pods-FlippFloppUITests-checkManifestLockResult.txt",
			);
			runOnlyForDeploymentPostprocessing = 0;
			shellPath = /bin/sh;
			shellScript = "diff \"${PODS_PODFILE_DIR_PATH}/Podfile.lock\" \"${PODS_ROOT}/Manifest.lock\" > /dev/null\nif [ $? != 0 ] ; then\n    # print error to STDERR\n    echo \"error: The sandbox is not in sync with the Podfile.lock. Run 'pod install' or update your CocoaPods installation.\" >&2\n    exit 1\nfi\n# This output is used by Xcode 'outputs' to avoid re-running this script phase.\necho \"SUCCESS\" > \"${SCRIPT_OUTPUT_FILE_0}\"\n";
			showEnvVarsInLog = 0;
		};
		7073817E2B76AAE1896B2B83 /* [CP] Check Pods Manifest.lock */ = {
			isa = PBXShellScriptBuildPhase;
			buildActionMask = 2147483647;
			files = (
			);
			inputPaths = (
				"${PODS_PODFILE_DIR_PATH}/Podfile.lock",
				"${PODS_ROOT}/Manifest.lock",
			);
			name = "[CP] Check Pods Manifest.lock";
			outputPaths = (
				"$(DERIVED_FILE_DIR)/Pods-FlippFlopp-checkManifestLockResult.txt",
			);
			runOnlyForDeploymentPostprocessing = 0;
			shellPath = /bin/sh;
			shellScript = "diff \"${PODS_PODFILE_DIR_PATH}/Podfile.lock\" \"${PODS_ROOT}/Manifest.lock\" > /dev/null\nif [ $? != 0 ] ; then\n    # print error to STDERR\n    echo \"error: The sandbox is not in sync with the Podfile.lock. Run 'pod install' or update your CocoaPods installation.\" >&2\n    exit 1\nfi\n# This output is used by Xcode 'outputs' to avoid re-running this script phase.\necho \"SUCCESS\" > \"${SCRIPT_OUTPUT_FILE_0}\"\n";
			showEnvVarsInLog = 0;
		};
		A9D04047524A5DDF28C5F73B /* [CP] Copy Pods Resources */ = {
			isa = PBXShellScriptBuildPhase;
			buildActionMask = 2147483647;
			files = (
			);
			inputPaths = (
			);
			name = "[CP] Copy Pods Resources";
			outputPaths = (
			);
			runOnlyForDeploymentPostprocessing = 0;
			shellPath = /bin/sh;
			shellScript = "\"${SRCROOT}/Pods/Target Support Files/Pods-FlippFlopp/Pods-FlippFlopp-resources.sh\"\n";
			showEnvVarsInLog = 0;
		};
		D1702E1EC2E1CFC71BA5757E /* [CP] Embed Pods Frameworks */ = {
			isa = PBXShellScriptBuildPhase;
			buildActionMask = 2147483647;
			files = (
			);
			inputPaths = (
				"${SRCROOT}/Pods/Target Support Files/Pods-FlippFlopp/Pods-FlippFlopp-frameworks.sh",
				"${BUILT_PRODUCTS_DIR}/Alamofire/Alamofire.framework",
				"${BUILT_PRODUCTS_DIR}/AlamofireObjectMapper/AlamofireObjectMapper.framework",
				"${BUILT_PRODUCTS_DIR}/ObjectMapper/ObjectMapper.framework",
				"${BUILT_PRODUCTS_DIR}/SwiftyJSON/SwiftyJSON.framework",
			);
			name = "[CP] Embed Pods Frameworks";
			outputPaths = (
				"${TARGET_BUILD_DIR}/${FRAMEWORKS_FOLDER_PATH}/Alamofire.framework",
				"${TARGET_BUILD_DIR}/${FRAMEWORKS_FOLDER_PATH}/AlamofireObjectMapper.framework",
				"${TARGET_BUILD_DIR}/${FRAMEWORKS_FOLDER_PATH}/ObjectMapper.framework",
				"${TARGET_BUILD_DIR}/${FRAMEWORKS_FOLDER_PATH}/SwiftyJSON.framework",
			);
			runOnlyForDeploymentPostprocessing = 0;
			shellPath = /bin/sh;
			shellScript = "\"${SRCROOT}/Pods/Target Support Files/Pods-FlippFlopp/Pods-FlippFlopp-frameworks.sh\"\n";
			showEnvVarsInLog = 0;
		};
		D69772EDF4F9AF16034BA68B /* [CP] Copy Pods Resources */ = {
			isa = PBXShellScriptBuildPhase;
			buildActionMask = 2147483647;
			files = (
			);
			inputPaths = (
			);
			name = "[CP] Copy Pods Resources";
			outputPaths = (
			);
			runOnlyForDeploymentPostprocessing = 0;
			shellPath = /bin/sh;
			shellScript = "\"${SRCROOT}/Pods/Target Support Files/Pods-FlippFloppUITests/Pods-FlippFloppUITests-resources.sh\"\n";
			showEnvVarsInLog = 0;
		};
		D93F9EAFFB9FB33551008B9A /* [CP] Copy Pods Resources */ = {
			isa = PBXShellScriptBuildPhase;
			buildActionMask = 2147483647;
			files = (
			);
			inputPaths = (
			);
			name = "[CP] Copy Pods Resources";
			outputPaths = (
			);
			runOnlyForDeploymentPostprocessing = 0;
			shellPath = /bin/sh;
			shellScript = "\"${SRCROOT}/Pods/Target Support Files/Pods-FlippFloppTests/Pods-FlippFloppTests-resources.sh\"\n";
			showEnvVarsInLog = 0;
		};
		DD6133F572E76319758239F0 /* [CP] Embed Pods Frameworks */ = {
			isa = PBXShellScriptBuildPhase;
			buildActionMask = 2147483647;
			files = (
			);
			inputPaths = (
			);
			name = "[CP] Embed Pods Frameworks";
			outputPaths = (
			);
			runOnlyForDeploymentPostprocessing = 0;
			shellPath = /bin/sh;
			shellScript = "\"${SRCROOT}/Pods/Target Support Files/Pods-FlippFloppTests/Pods-FlippFloppTests-frameworks.sh\"\n";
			showEnvVarsInLog = 0;
		};
/* End PBXShellScriptBuildPhase section */

/* Begin PBXSourcesBuildPhase section */
		2DEBBC4E2291BFEB00E315EA /* Sources */ = {
			isa = PBXSourcesBuildPhase;
			buildActionMask = 2147483647;
			files = (
				2D7F48182291FCA60014ECC1 /* BookResults.swift in Sources */,
				2D7A84F42291C42A00D6EF8B /* NetworkManager.swift in Sources */,
				2D7F48202291FD100014ECC1 /* Book.swift in Sources */,
				2D7F4824229223FB0014ECC1 /* DataManager.swift in Sources */,
				2DEBBC582291BFEB00E315EA /* ViewController.swift in Sources */,
				2DEBBC5E2291BFEB00E315EA /* FlippFlopp.xcdatamodeld in Sources */,
				2DEBBC562291BFEB00E315EA /* AppDelegate.swift in Sources */,
			);
			runOnlyForDeploymentPostprocessing = 0;
		};
		2DEBBC652291BFEC00E315EA /* Sources */ = {
			isa = PBXSourcesBuildPhase;
			buildActionMask = 2147483647;
			files = (
				2D7F48212291FD100014ECC1 /* Book.swift in Sources */,
				2D7F4825229223FB0014ECC1 /* DataManager.swift in Sources */,
				2D7A84F52291C42A00D6EF8B /* NetworkManager.swift in Sources */,
				2DEBBC6E2291BFEC00E315EA /* FlippFloppTests.swift in Sources */,
				2D7F48192291FCA60014ECC1 /* BookResults.swift in Sources */,
			);
			runOnlyForDeploymentPostprocessing = 0;
		};
		2DEBBC702291BFEC00E315EA /* Sources */ = {
			isa = PBXSourcesBuildPhase;
			buildActionMask = 2147483647;
			files = (
				2D7F48222291FD100014ECC1 /* Book.swift in Sources */,
				2D7F4826229223FB0014ECC1 /* DataManager.swift in Sources */,
				2D7A84F62291C42A00D6EF8B /* NetworkManager.swift in Sources */,
				2DEBBC792291BFEC00E315EA /* FlippFloppUITests.swift in Sources */,
				2D7F481A2291FCA60014ECC1 /* BookResults.swift in Sources */,
			);
			runOnlyForDeploymentPostprocessing = 0;
		};
/* End PBXSourcesBuildPhase section */

/* Begin PBXTargetDependency section */
		2DEBBC6B2291BFEC00E315EA /* PBXTargetDependency */ = {
			isa = PBXTargetDependency;
			target = 2DEBBC512291BFEB00E315EA /* FlippFlopp */;
			targetProxy = 2DEBBC6A2291BFEC00E315EA /* PBXContainerItemProxy */;
		};
		2DEBBC762291BFEC00E315EA /* PBXTargetDependency */ = {
			isa = PBXTargetDependency;
			target = 2DEBBC512291BFEB00E315EA /* FlippFlopp */;
			targetProxy = 2DEBBC752291BFEC00E315EA /* PBXContainerItemProxy */;
		};
/* End PBXTargetDependency section */

/* Begin PBXVariantGroup section */
		2DEBBC592291BFEB00E315EA /* Main.storyboard */ = {
			isa = PBXVariantGroup;
			children = (
				2DEBBC5A2291BFEB00E315EA /* Base */,
			);
			name = Main.storyboard;
			sourceTree = "<group>";
		};
		2DEBBC612291BFEC00E315EA /* LaunchScreen.storyboard */ = {
			isa = PBXVariantGroup;
			children = (
				2DEBBC622291BFEC00E315EA /* Base */,
			);
			name = LaunchScreen.storyboard;
			sourceTree = "<group>";
		};
/* End PBXVariantGroup section */

/* Begin XCBuildConfiguration section */
		2DEBBC7B2291BFEC00E315EA /* Debug */ = {
			isa = XCBuildConfiguration;
			buildSettings = {
				ALWAYS_SEARCH_USER_PATHS = NO;
				CLANG_ANALYZER_NONNULL = YES;
				CLANG_ANALYZER_NUMBER_OBJECT_CONVERSION = YES_AGGRESSIVE;
				CLANG_CXX_LANGUAGE_STANDARD = "gnu++14";
				CLANG_CXX_LIBRARY = "libc++";
				CLANG_ENABLE_MODULES = YES;
				CLANG_ENABLE_OBJC_ARC = YES;
				CLANG_ENABLE_OBJC_WEAK = YES;
				CLANG_WARN_BLOCK_CAPTURE_AUTORELEASING = YES;
				CLANG_WARN_BOOL_CONVERSION = YES;
				CLANG_WARN_COMMA = YES;
				CLANG_WARN_CONSTANT_CONVERSION = YES;
				CLANG_WARN_DEPRECATED_OBJC_IMPLEMENTATIONS = YES;
				CLANG_WARN_DIRECT_OBJC_ISA_USAGE = YES_ERROR;
				CLANG_WARN_DOCUMENTATION_COMMENTS = YES;
				CLANG_WARN_EMPTY_BODY = YES;
				CLANG_WARN_ENUM_CONVERSION = YES;
				CLANG_WARN_INFINITE_RECURSION = YES;
				CLANG_WARN_INT_CONVERSION = YES;
				CLANG_WARN_NON_LITERAL_NULL_CONVERSION = YES;
				CLANG_WARN_OBJC_IMPLICIT_RETAIN_SELF = YES;
				CLANG_WARN_OBJC_LITERAL_CONVERSION = YES;
				CLANG_WARN_OBJC_ROOT_CLASS = YES_ERROR;
				CLANG_WARN_RANGE_LOOP_ANALYSIS = YES;
				CLANG_WARN_STRICT_PROTOTYPES = YES;
				CLANG_WARN_SUSPICIOUS_MOVE = YES;
				CLANG_WARN_UNGUARDED_AVAILABILITY = YES_AGGRESSIVE;
				CLANG_WARN_UNREACHABLE_CODE = YES;
				CLANG_WARN__DUPLICATE_METHOD_MATCH = YES;
				CODE_SIGN_IDENTITY = "iPhone Developer";
				COPY_PHASE_STRIP = NO;
				DEBUG_INFORMATION_FORMAT = dwarf;
				ENABLE_STRICT_OBJC_MSGSEND = YES;
				ENABLE_TESTABILITY = YES;
				GCC_C_LANGUAGE_STANDARD = gnu11;
				GCC_DYNAMIC_NO_PIC = NO;
				GCC_NO_COMMON_BLOCKS = YES;
				GCC_OPTIMIZATION_LEVEL = 0;
				GCC_PREPROCESSOR_DEFINITIONS = (
					"DEBUG=1",
					"$(inherited)",
				);
				GCC_WARN_64_TO_32_BIT_CONVERSION = YES;
				GCC_WARN_ABOUT_RETURN_TYPE = YES_ERROR;
				GCC_WARN_UNDECLARED_SELECTOR = YES;
				GCC_WARN_UNINITIALIZED_AUTOS = YES_AGGRESSIVE;
				GCC_WARN_UNUSED_FUNCTION = YES;
				GCC_WARN_UNUSED_VARIABLE = YES;
				IPHONEOS_DEPLOYMENT_TARGET = 12.2;
				MTL_ENABLE_DEBUG_INFO = INCLUDE_SOURCE;
				MTL_FAST_MATH = YES;
				ONLY_ACTIVE_ARCH = YES;
				SDKROOT = iphoneos;
				SWIFT_ACTIVE_COMPILATION_CONDITIONS = DEBUG;
				SWIFT_OPTIMIZATION_LEVEL = "-Onone";
			};
			name = Debug;
		};
		2DEBBC7C2291BFEC00E315EA /* Release */ = {
			isa = XCBuildConfiguration;
			buildSettings = {
				ALWAYS_SEARCH_USER_PATHS = NO;
				CLANG_ANALYZER_NONNULL = YES;
				CLANG_ANALYZER_NUMBER_OBJECT_CONVERSION = YES_AGGRESSIVE;
				CLANG_CXX_LANGUAGE_STANDARD = "gnu++14";
				CLANG_CXX_LIBRARY = "libc++";
				CLANG_ENABLE_MODULES = YES;
				CLANG_ENABLE_OBJC_ARC = YES;
				CLANG_ENABLE_OBJC_WEAK = YES;
				CLANG_WARN_BLOCK_CAPTURE_AUTORELEASING = YES;
				CLANG_WARN_BOOL_CONVERSION = YES;
				CLANG_WARN_COMMA = YES;
				CLANG_WARN_CONSTANT_CONVERSION = YES;
				CLANG_WARN_DEPRECATED_OBJC_IMPLEMENTATIONS = YES;
				CLANG_WARN_DIRECT_OBJC_ISA_USAGE = YES_ERROR;
				CLANG_WARN_DOCUMENTATION_COMMENTS = YES;
				CLANG_WARN_EMPTY_BODY = YES;
				CLANG_WARN_ENUM_CONVERSION = YES;
				CLANG_WARN_INFINITE_RECURSION = YES;
				CLANG_WARN_INT_CONVERSION = YES;
				CLANG_WARN_NON_LITERAL_NULL_CONVERSION = YES;
				CLANG_WARN_OBJC_IMPLICIT_RETAIN_SELF = YES;
				CLANG_WARN_OBJC_LITERAL_CONVERSION = YES;
				CLANG_WARN_OBJC_ROOT_CLASS = YES_ERROR;
				CLANG_WARN_RANGE_LOOP_ANALYSIS = YES;
				CLANG_WARN_STRICT_PROTOTYPES = YES;
				CLANG_WARN_SUSPICIOUS_MOVE = YES;
				CLANG_WARN_UNGUARDED_AVAILABILITY = YES_AGGRESSIVE;
				CLANG_WARN_UNREACHABLE_CODE = YES;
				CLANG_WARN__DUPLICATE_METHOD_MATCH = YES;
				CODE_SIGN_IDENTITY = "iPhone Developer";
				COPY_PHASE_STRIP = NO;
				DEBUG_INFORMATION_FORMAT = "dwarf-with-dsym";
				ENABLE_NS_ASSERTIONS = NO;
				ENABLE_STRICT_OBJC_MSGSEND = YES;
				GCC_C_LANGUAGE_STANDARD = gnu11;
				GCC_NO_COMMON_BLOCKS = YES;
				GCC_WARN_64_TO_32_BIT_CONVERSION = YES;
				GCC_WARN_ABOUT_RETURN_TYPE = YES_ERROR;
				GCC_WARN_UNDECLARED_SELECTOR = YES;
				GCC_WARN_UNINITIALIZED_AUTOS = YES_AGGRESSIVE;
				GCC_WARN_UNUSED_FUNCTION = YES;
				GCC_WARN_UNUSED_VARIABLE = YES;
				IPHONEOS_DEPLOYMENT_TARGET = 12.2;
				MTL_ENABLE_DEBUG_INFO = NO;
				MTL_FAST_MATH = YES;
				SDKROOT = iphoneos;
				SWIFT_COMPILATION_MODE = wholemodule;
				SWIFT_OPTIMIZATION_LEVEL = "-O";
				VALIDATE_PRODUCT = YES;
			};
			name = Release;
		};
		2DEBBC7E2291BFEC00E315EA /* Debug */ = {
			isa = XCBuildConfiguration;
			baseConfigurationReference = 6EDF590B35692F52D16D2BFE /* Pods-FlippFlopp.debug.xcconfig */;
			buildSettings = {
				ASSETCATALOG_COMPILER_APPICON_NAME = AppIcon;
				CODE_SIGN_STYLE = Automatic;
				DEVELOPMENT_TEAM = 8PXGQZP8AE;
				INFOPLIST_FILE = FlippFlopp/Info.plist;
				LD_RUNPATH_SEARCH_PATHS = (
					"$(inherited)",
					"@executable_path/Frameworks",
				);
				PRODUCT_BUNDLE_IDENTIFIER = PriBa.FlippFlopp;
				PRODUCT_NAME = "$(TARGET_NAME)";
				SWIFT_VERSION = 5.0;
				TARGETED_DEVICE_FAMILY = "1,2";
			};
			name = Debug;
		};
		2DEBBC7F2291BFEC00E315EA /* Release */ = {
			isa = XCBuildConfiguration;
			baseConfigurationReference = C66421E1488E095607A5BB05 /* Pods-FlippFlopp.release.xcconfig */;
			buildSettings = {
				ASSETCATALOG_COMPILER_APPICON_NAME = AppIcon;
				CODE_SIGN_STYLE = Automatic;
				DEVELOPMENT_TEAM = 8PXGQZP8AE;
				INFOPLIST_FILE = FlippFlopp/Info.plist;
				LD_RUNPATH_SEARCH_PATHS = (
					"$(inherited)",
					"@executable_path/Frameworks",
				);
				PRODUCT_BUNDLE_IDENTIFIER = PriBa.FlippFlopp;
				PRODUCT_NAME = "$(TARGET_NAME)";
				SWIFT_VERSION = 5.0;
				TARGETED_DEVICE_FAMILY = "1,2";
			};
			name = Release;
		};
		2DEBBC812291BFEC00E315EA /* Debug */ = {
			isa = XCBuildConfiguration;
			baseConfigurationReference = 7DD1EB2F556288C1C15C2FA1 /* Pods-FlippFloppTests.debug.xcconfig */;
			buildSettings = {
				ALWAYS_EMBED_SWIFT_STANDARD_LIBRARIES = YES;
				BUNDLE_LOADER = "$(TEST_HOST)";
				CODE_SIGN_STYLE = Automatic;
				DEVELOPMENT_TEAM = 8PXGQZP8AE;
				INFOPLIST_FILE = FlippFloppTests/Info.plist;
				LD_RUNPATH_SEARCH_PATHS = (
					"$(inherited)",
					"@executable_path/Frameworks",
					"@loader_path/Frameworks",
				);
				PRODUCT_BUNDLE_IDENTIFIER = PriBa.FlippFloppTests;
				PRODUCT_NAME = "$(TARGET_NAME)";
				SWIFT_VERSION = 5.0;
				TARGETED_DEVICE_FAMILY = "1,2";
				TEST_HOST = "$(BUILT_PRODUCTS_DIR)/FlippFlopp.app/FlippFlopp";
			};
			name = Debug;
		};
		2DEBBC822291BFEC00E315EA /* Release */ = {
			isa = XCBuildConfiguration;
			baseConfigurationReference = CB056BF26C003FB455A98CAA /* Pods-FlippFloppTests.release.xcconfig */;
			buildSettings = {
				ALWAYS_EMBED_SWIFT_STANDARD_LIBRARIES = YES;
				BUNDLE_LOADER = "$(TEST_HOST)";
				CODE_SIGN_STYLE = Automatic;
				DEVELOPMENT_TEAM = 8PXGQZP8AE;
				INFOPLIST_FILE = FlippFloppTests/Info.plist;
				LD_RUNPATH_SEARCH_PATHS = (
					"$(inherited)",
					"@executable_path/Frameworks",
					"@loader_path/Frameworks",
				);
				PRODUCT_BUNDLE_IDENTIFIER = PriBa.FlippFloppTests;
				PRODUCT_NAME = "$(TARGET_NAME)";
				SWIFT_VERSION = 5.0;
				TARGETED_DEVICE_FAMILY = "1,2";
				TEST_HOST = "$(BUILT_PRODUCTS_DIR)/FlippFlopp.app/FlippFlopp";
			};
			name = Release;
		};
		2DEBBC842291BFEC00E315EA /* Debug */ = {
			isa = XCBuildConfiguration;
			baseConfigurationReference = 1558E3BA854B86EC2C537250 /* Pods-FlippFloppUITests.debug.xcconfig */;
			buildSettings = {
				ALWAYS_EMBED_SWIFT_STANDARD_LIBRARIES = YES;
				CODE_SIGN_STYLE = Automatic;
				DEVELOPMENT_TEAM = 8PXGQZP8AE;
				INFOPLIST_FILE = FlippFloppUITests/Info.plist;
				LD_RUNPATH_SEARCH_PATHS = (
					"$(inherited)",
					"@executable_path/Frameworks",
					"@loader_path/Frameworks",
				);
				PRODUCT_BUNDLE_IDENTIFIER = PriBa.FlippFloppUITests;
				PRODUCT_NAME = "$(TARGET_NAME)";
				SWIFT_VERSION = 5.0;
				TARGETED_DEVICE_FAMILY = "1,2";
				TEST_TARGET_NAME = FlippFlopp;
			};
			name = Debug;
		};
		2DEBBC852291BFEC00E315EA /* Release */ = {
			isa = XCBuildConfiguration;
			baseConfigurationReference = 6A35223F76297DF9D293615F /* Pods-FlippFloppUITests.release.xcconfig */;
			buildSettings = {
				ALWAYS_EMBED_SWIFT_STANDARD_LIBRARIES = YES;
				CODE_SIGN_STYLE = Automatic;
				DEVELOPMENT_TEAM = 8PXGQZP8AE;
				INFOPLIST_FILE = FlippFloppUITests/Info.plist;
				LD_RUNPATH_SEARCH_PATHS = (
					"$(inherited)",
					"@executable_path/Frameworks",
					"@loader_path/Frameworks",
				);
				PRODUCT_BUNDLE_IDENTIFIER = PriBa.FlippFloppUITests;
				PRODUCT_NAME = "$(TARGET_NAME)";
				SWIFT_VERSION = 5.0;
				TARGETED_DEVICE_FAMILY = "1,2";
				TEST_TARGET_NAME = FlippFlopp;
			};
			name = Release;
		};
/* End XCBuildConfiguration section */

/* Begin XCConfigurationList section */
		2DEBBC4D2291BFEB00E315EA /* Build configuration list for PBXProject "FlippFlopp" */ = {
			isa = XCConfigurationList;
			buildConfigurations = (
				2DEBBC7B2291BFEC00E315EA /* Debug */,
				2DEBBC7C2291BFEC00E315EA /* Release */,
			);
			defaultConfigurationIsVisible = 0;
			defaultConfigurationName = Release;
		};
		2DEBBC7D2291BFEC00E315EA /* Build configuration list for PBXNativeTarget "FlippFlopp" */ = {
			isa = XCConfigurationList;
			buildConfigurations = (
				2DEBBC7E2291BFEC00E315EA /* Debug */,
				2DEBBC7F2291BFEC00E315EA /* Release */,
			);
			defaultConfigurationIsVisible = 0;
			defaultConfigurationName = Release;
		};
		2DEBBC802291BFEC00E315EA /* Build configuration list for PBXNativeTarget "FlippFloppTests" */ = {
			isa = XCConfigurationList;
			buildConfigurations = (
				2DEBBC812291BFEC00E315EA /* Debug */,
				2DEBBC822291BFEC00E315EA /* Release */,
			);
			defaultConfigurationIsVisible = 0;
			defaultConfigurationName = Release;
		};
		2DEBBC832291BFEC00E315EA /* Build configuration list for PBXNativeTarget "FlippFloppUITests" */ = {
			isa = XCConfigurationList;
			buildConfigurations = (
				2DEBBC842291BFEC00E315EA /* Debug */,
				2DEBBC852291BFEC00E315EA /* Release */,
			);
			defaultConfigurationIsVisible = 0;
			defaultConfigurationName = Release;
		};
/* End XCConfigurationList section */

/* Begin XCVersionGroup section */
		2DEBBC5C2291BFEB00E315EA /* FlippFlopp.xcdatamodeld */ = {
			isa = XCVersionGroup;
			children = (
				2DEBBC5D2291BFEB00E315EA /* FlippFlopp.xcdatamodel */,
			);
			currentVersion = 2DEBBC5D2291BFEB00E315EA /* FlippFlopp.xcdatamodel */;
			path = FlippFlopp.xcdatamodeld;
			sourceTree = "<group>";
			versionGroupType = wrapper.xcdatamodel;
		};
/* End XCVersionGroup section */
	};
	rootObject = 2DEBBC4A2291BFEB00E315EA /* Project object */;
}
